
Microsoft Visual Studio Solution File, Format Version 12.00
# Visual Studio 2012
Project("{FAE04EC0-301F-11D3-BF4B-00C04F79EFBC}") = "iPark.Core", "iPark\iPark.Core.csproj", "{D64D6409-B573-4049-AD40-C8FBAB8CF50A}"
EndProject
Project("{FAE04EC0-301F-11D3-BF4B-00C04F79EFBC}") = "iPark.Droid", "Droid\iPark.Droid.csproj", "{956CDFC3-83D4-437A-95FF-F82F2F8D456E}"
EndProject
Project("{FAE04EC0-301F-11D3-BF4B-00C04F79EFBC}") = "iPark.Core.Entities", "iPark.Core.Entities\iPark.Core.Entities.csproj", "{2C8D5001-96F2-4BB0-9239-23FB1F702C7E}"
EndProject
Project("{FAE04EC0-301F-11D3-BF4B-00C04F79EFBC}") = "iPark.Data.Droid", "iPark.Data.Droid\iPark.Data.Droid.csproj", "{60325191-D0CF-48F6-BDAC-8C2F79908EBE}"
EndProject
Global
	GlobalSection(SolutionConfigurationPlatforms) = preSolution
		Debug|Any CPU = Debug|Any CPU
		Release|Any CPU = Release|Any CPU
	EndGlobalSection
	GlobalSection(ProjectConfigurationPlatforms) = postSolution
		{2C8D5001-96F2-4BB0-9239-23FB1F702C7E}.Debug|Any CPU.ActiveCfg = Debug|Any CPU
		{2C8D5001-96F2-4BB0-9239-23FB1F702C7E}.Debug|Any CPU.Build.0 = Debug|Any CPU
		{2C8D5001-96F2-4BB0-9239-23FB1F702C7E}.Release|Any CPU.ActiveCfg = Release|Any CPU
		{2C8D5001-96F2-4BB0-9239-23FB1F702C7E}.Release|Any CPU.Build.0 = Release|Any CPU
		{60325191-D0CF-48F6-BDAC-8C2F79908EBE}.Debug|Any CPU.ActiveCfg = Debug|Any CPU
		{60325191-D0CF-48F6-BDAC-8C2F79908EBE}.Debug|Any CPU.Build.0 = Debug|Any CPU
		{60325191-D0CF-48F6-BDAC-8C2F79908EBE}.Release|Any CPU.ActiveCfg = Release|Any CPU
		{60325191-D0CF-48F6-BDAC-8C2F79908EBE}.Release|Any CPU.Build.0 = Release|Any CPU
		{956CDFC3-83D4-437A-95FF-F82F2F8D456E}.Debug|Any CPU.ActiveCfg = Debug|Any CPU
		{956CDFC3-83D4-437A-95FF-F82F2F8D456E}.Debug|Any CPU.Build.0 = Debug|Any CPU
		{956CDFC3-83D4-437A-95FF-F82F2F8D456E}.Release|Any CPU.ActiveCfg = Release|Any CPU
		{956CDFC3-83D4-437A-95FF-F82F2F8D456E}.Release|Any CPU.Build.0 = Release|Any CPU
		{D64D6409-B573-4049-AD40-C8FBAB8CF50A}.Debug|Any CPU.ActiveCfg = Debug|Any CPU
		{D64D6409-B573-4049-AD40-C8FBAB8CF50A}.Debug|Any CPU.Build.0 = Debug|Any CPU
		{D64D6409-B573-4049-AD40-C8FBAB8CF50A}.Release|Any CPU.ActiveCfg = Release|Any CPU
		{D64D6409-B573-4049-AD40-C8FBAB8CF50A}.Release|Any CPU.Build.0 = Release|Any CPU
	EndGlobalSection
EndGlobal
